
Microsoft Visual Studio Solution File, Format Version 12.00
# Visual Studio Version 17
VisualStudioVersion = 17.7.34024.191
MinimumVisualStudioVersion = 10.0.40219.1
Project("{9A19103F-16F7-4668-BE54-9A1E7A4F7556}") = "WonderFood.Domain", "src\WonderFood.Domain\WonderFood.Domain.csproj", "{F2C94CCB-AB44-4150-9095-E1D78580D695}"
EndProject
Project("{9A19103F-16F7-4668-BE54-9A1E7A4F7556}") = "WonderFood.Application", "src\WonderFood.Application\WonderFood.Application.csproj", "{A095B9AD-A1A0-464E-A8D3-73146C807D71}"
EndProject
Project("{9A19103F-16F7-4668-BE54-9A1E7A4F7556}") = "WonderFood.Infra.Sql", "src\WonderFood.Infra.Sql\WonderFood.Infra.Sql.csproj", "{8EA12BB5-91D1-4B3E-B756-28D8496DD56D}"
EndProject
Project("{9A19103F-16F7-4668-BE54-9A1E7A4F7556}") = "WonderFood.WebApi", "src\WonderFood.WebApi\WonderFood.WebApi.csproj", "{3D877577-EE19-4779-9E0F-599204B5398E}"
EndProject
Project("{2150E333-8FDC-42A3-9474-1A3956D46DE8}") = "Core", "Core", "{3627D3A9-CE8C-4FAF-9739-6348F22FE1F3}"
EndProject
Project("{2150E333-8FDC-42A3-9474-1A3956D46DE8}") = "Infrastructure", "Infrastructure", "{0ACDC4AE-8F48-4F36-8B50-E1F167AE5E91}"
EndProject
Project("{2150E333-8FDC-42A3-9474-1A3956D46DE8}") = "Solution Items", "Solution Items", "{98EB42CA-4463-4B96-9A5C-7DEEFA956EE4}"
	ProjectSection(SolutionItems) = preProject
		.dockerignore = .dockerignore
		.gitignore = .gitignore
		deployment.yml = deployment.yml
		docker-compose.yml = docker-compose.yml
		Dockerfile = Dockerfile
	EndProjectSection
EndProject
Project("{2150E333-8FDC-42A3-9474-1A3956D46DE8}") = "Presentation", "Presentation", "{F9C5B0C9-29D9-45C9-B551-E39DB548DBA1}"
EndProject
Project("{2150E333-8FDC-42A3-9474-1A3956D46DE8}") = "Tests", "Tests", "{DB9F0B97-C933-4312-83EC-5163EEF76C25}"
EndProject
Project("{9A19103F-16F7-4668-BE54-9A1E7A4F7556}") = "WonderFood.WebApi.UnitTests", "test\WonderFood.WebApi.UnitTests\WonderFood.WebApi.UnitTests.csproj", "{EE8458FA-CDB4-4561-8EE6-04C8401402DB}"
EndProject
Project("{FAE04EC0-301F-11D3-BF4B-00C04F79EFBC}") = "WonderFood.Models", "src\WonderFood.Models\WonderFood.Models.csproj", "{32562899-5C72-4985-93B8-406009C09672}"
EndProject
Project("{FAE04EC0-301F-11D3-BF4B-00C04F79EFBC}") = "WonderFood.Application.UnitTests", "test\WonderFood.Application.UnitTests\WonderFood.Application.UnitTests.csproj", "{172D9742-3F3B-4C9C-933E-02BA829E9833}"
EndProject
Project("{FAE04EC0-301F-11D3-BF4B-00C04F79EFBC}") = "WonderFood.BDD.Tests", "test\WonderFood.BDD.Tests\WonderFood.BDD.Tests.csproj", "{3DEAED18-BFD3-4592-80E1-CAD286FCE142}"
EndProject
Project("{FAE04EC0-301F-11D3-BF4B-00C04F79EFBC}") = "WonderFood.ExternalServices", "src\WonderFood.ExternalServices\WonderFood.ExternalServices.csproj", "{9AEE2042-8843-474D-9D88-9CE9E14B3037}"
EndProject
Project("{FAE04EC0-301F-11D3-BF4B-00C04F79EFBC}") = "WonderFood.Worker", "src\WonderFood.Worker\WonderFood.Worker.csproj", "{D095EC11-0EF7-4CFB-B4F0-829AD73D0E7F}"
EndProject
Global
	GlobalSection(SolutionConfigurationPlatforms) = preSolution
		Debug|Any CPU = Debug|Any CPU
		Release|Any CPU = Release|Any CPU
	EndGlobalSection
	GlobalSection(ProjectConfigurationPlatforms) = postSolution
		{F2C94CCB-AB44-4150-9095-E1D78580D695}.Debug|Any CPU.ActiveCfg = Debug|Any CPU
		{F2C94CCB-AB44-4150-9095-E1D78580D695}.Debug|Any CPU.Build.0 = Debug|Any CPU
		{F2C94CCB-AB44-4150-9095-E1D78580D695}.Release|Any CPU.ActiveCfg = Release|Any CPU
		{F2C94CCB-AB44-4150-9095-E1D78580D695}.Release|Any CPU.Build.0 = Release|Any CPU
		{A095B9AD-A1A0-464E-A8D3-73146C807D71}.Debug|Any CPU.ActiveCfg = Debug|Any CPU
		{A095B9AD-A1A0-464E-A8D3-73146C807D71}.Debug|Any CPU.Build.0 = Debug|Any CPU
		{A095B9AD-A1A0-464E-A8D3-73146C807D71}.Release|Any CPU.ActiveCfg = Release|Any CPU
		{A095B9AD-A1A0-464E-A8D3-73146C807D71}.Release|Any CPU.Build.0 = Release|Any CPU
		{8EA12BB5-91D1-4B3E-B756-28D8496DD56D}.Debug|Any CPU.ActiveCfg = Debug|Any CPU
		{8EA12BB5-91D1-4B3E-B756-28D8496DD56D}.Debug|Any CPU.Build.0 = Debug|Any CPU
		{8EA12BB5-91D1-4B3E-B756-28D8496DD56D}.Release|Any CPU.ActiveCfg = Release|Any CPU
		{8EA12BB5-91D1-4B3E-B756-28D8496DD56D}.Release|Any CPU.Build.0 = Release|Any CPU
		{3D877577-EE19-4779-9E0F-599204B5398E}.Debug|Any CPU.ActiveCfg = Debug|Any CPU
		{3D877577-EE19-4779-9E0F-599204B5398E}.Debug|Any CPU.Build.0 = Debug|Any CPU
		{3D877577-EE19-4779-9E0F-599204B5398E}.Release|Any CPU.ActiveCfg = Release|Any CPU
		{3D877577-EE19-4779-9E0F-599204B5398E}.Release|Any CPU.Build.0 = Release|Any CPU
		{EE8458FA-CDB4-4561-8EE6-04C8401402DB}.Debug|Any CPU.ActiveCfg = Debug|Any CPU
		{EE8458FA-CDB4-4561-8EE6-04C8401402DB}.Debug|Any CPU.Build.0 = Debug|Any CPU
		{EE8458FA-CDB4-4561-8EE6-04C8401402DB}.Release|Any CPU.ActiveCfg = Release|Any CPU
		{EE8458FA-CDB4-4561-8EE6-04C8401402DB}.Release|Any CPU.Build.0 = Release|Any CPU
		{32562899-5C72-4985-93B8-406009C09672}.Debug|Any CPU.ActiveCfg = Debug|Any CPU
		{32562899-5C72-4985-93B8-406009C09672}.Debug|Any CPU.Build.0 = Debug|Any CPU
		{32562899-5C72-4985-93B8-406009C09672}.Release|Any CPU.ActiveCfg = Release|Any CPU
		{32562899-5C72-4985-93B8-406009C09672}.Release|Any CPU.Build.0 = Release|Any CPU
		{172D9742-3F3B-4C9C-933E-02BA829E9833}.Debug|Any CPU.ActiveCfg = Debug|Any CPU
		{172D9742-3F3B-4C9C-933E-02BA829E9833}.Debug|Any CPU.Build.0 = Debug|Any CPU
		{172D9742-3F3B-4C9C-933E-02BA829E9833}.Release|Any CPU.ActiveCfg = Release|Any CPU
		{172D9742-3F3B-4C9C-933E-02BA829E9833}.Release|Any CPU.Build.0 = Release|Any CPU
		{3DEAED18-BFD3-4592-80E1-CAD286FCE142}.Debug|Any CPU.ActiveCfg = Debug|Any CPU
		{3DEAED18-BFD3-4592-80E1-CAD286FCE142}.Debug|Any CPU.Build.0 = Debug|Any CPU
		{3DEAED18-BFD3-4592-80E1-CAD286FCE142}.Release|Any CPU.ActiveCfg = Release|Any CPU
		{3DEAED18-BFD3-4592-80E1-CAD286FCE142}.Release|Any CPU.Build.0 = Release|Any CPU
		{9AEE2042-8843-474D-9D88-9CE9E14B3037}.Debug|Any CPU.ActiveCfg = Debug|Any CPU
		{9AEE2042-8843-474D-9D88-9CE9E14B3037}.Debug|Any CPU.Build.0 = Debug|Any CPU
		{9AEE2042-8843-474D-9D88-9CE9E14B3037}.Release|Any CPU.ActiveCfg = Release|Any CPU
		{9AEE2042-8843-474D-9D88-9CE9E14B3037}.Release|Any CPU.Build.0 = Release|Any CPU
		{D095EC11-0EF7-4CFB-B4F0-829AD73D0E7F}.Debug|Any CPU.ActiveCfg = Debug|Any CPU
		{D095EC11-0EF7-4CFB-B4F0-829AD73D0E7F}.Debug|Any CPU.Build.0 = Debug|Any CPU
		{D095EC11-0EF7-4CFB-B4F0-829AD73D0E7F}.Release|Any CPU.ActiveCfg = Release|Any CPU
		{D095EC11-0EF7-4CFB-B4F0-829AD73D0E7F}.Release|Any CPU.Build.0 = Release|Any CPU
	EndGlobalSection
	GlobalSection(SolutionProperties) = preSolution
		HideSolutionNode = FALSE
	EndGlobalSection
	GlobalSection(NestedProjects) = preSolution
		{F2C94CCB-AB44-4150-9095-E1D78580D695} = {3627D3A9-CE8C-4FAF-9739-6348F22FE1F3}
		{A095B9AD-A1A0-464E-A8D3-73146C807D71} = {3627D3A9-CE8C-4FAF-9739-6348F22FE1F3}
		{8EA12BB5-91D1-4B3E-B756-28D8496DD56D} = {0ACDC4AE-8F48-4F36-8B50-E1F167AE5E91}
		{3D877577-EE19-4779-9E0F-599204B5398E} = {F9C5B0C9-29D9-45C9-B551-E39DB548DBA1}
		{EE8458FA-CDB4-4561-8EE6-04C8401402DB} = {DB9F0B97-C933-4312-83EC-5163EEF76C25}
		{32562899-5C72-4985-93B8-406009C09672} = {F9C5B0C9-29D9-45C9-B551-E39DB548DBA1}
		{172D9742-3F3B-4C9C-933E-02BA829E9833} = {DB9F0B97-C933-4312-83EC-5163EEF76C25}
		{3DEAED18-BFD3-4592-80E1-CAD286FCE142} = {DB9F0B97-C933-4312-83EC-5163EEF76C25}
		{9AEE2042-8843-474D-9D88-9CE9E14B3037} = {0ACDC4AE-8F48-4F36-8B50-E1F167AE5E91}
		{D095EC11-0EF7-4CFB-B4F0-829AD73D0E7F} = {F9C5B0C9-29D9-45C9-B551-E39DB548DBA1}
	EndGlobalSection
	GlobalSection(ExtensibilityGlobals) = postSolution
		SolutionGuid = {DCB04442-DC0A-47F1-AA43-B3C6DAAAAFB6}
	EndGlobalSection
EndGlobal
